
Microsoft Visual Studio Solution File, Format Version 12.00
# Visual Studio 15
VisualStudioVersion = 15.0.28307.489
MinimumVisualStudioVersion = 10.0.40219.1
Project("{9A19103F-16F7-4668-BE54-9A1E7A4F7556}") = "StudentExercisesAPI", "StudentExercisesAPI\StudentExercisesAPI.csproj", "{3FC19330-A9AF-4543-9EBE-F48B7CC755B8}"
EndProject
Project("{FAE04EC0-301F-11D3-BF4B-00C04F79EFBC}") = "StudentExercisesAPITest", "StudentExercisesAPITest\StudentExercisesAPITest.csproj", "{F0D83826-60C6-47CE-8D5D-E922E01975F8}"
EndProject
Global
	GlobalSection(SolutionConfigurationPlatforms) = preSolution
		Debug|Any CPU = Debug|Any CPU
		Release|Any CPU = Release|Any CPU
	EndGlobalSection
	GlobalSection(ProjectConfigurationPlatforms) = postSolution
		{3FC19330-A9AF-4543-9EBE-F48B7CC755B8}.Debug|Any CPU.ActiveCfg = Debug|Any CPU
		{3FC19330-A9AF-4543-9EBE-F48B7CC755B8}.Debug|Any CPU.Build.0 = Debug|Any CPU
		{3FC19330-A9AF-4543-9EBE-F48B7CC755B8}.Release|Any CPU.ActiveCfg = Release|Any CPU
		{3FC19330-A9AF-4543-9EBE-F48B7CC755B8}.Release|Any CPU.Build.0 = Release|Any CPU
		{F0D83826-60C6-47CE-8D5D-E922E01975F8}.Debug|Any CPU.ActiveCfg = Debug|Any CPU
		{F0D83826-60C6-47CE-8D5D-E922E01975F8}.Debug|Any CPU.Build.0 = Debug|Any CPU
		{F0D83826-60C6-47CE-8D5D-E922E01975F8}.Release|Any CPU.ActiveCfg = Release|Any CPU
		{F0D83826-60C6-47CE-8D5D-E922E01975F8}.Release|Any CPU.Build.0 = Release|Any CPU
	EndGlobalSection
	GlobalSection(SolutionProperties) = preSolution
		HideSolutionNode = FALSE
	EndGlobalSection
	GlobalSection(ExtensibilityGlobals) = postSolution
		SolutionGuid = {C965BD8A-E98E-49C2-B58A-DCD123CF2003}
	EndGlobalSection
EndGlobal
